Microsoft Visual Studio Solution File, Format Version 11.00
# Visual Studio 2008

Project("{8794062E-431B-7B53-9B4B-DD397283D62F}") = "Projeto A", "Assembly-CSharp-firstpass-vs.csproj", "{4C374AA9-E34D-E0BB-090A-40E88DA17BC0}"
EndProject
Project("{8794062E-431B-7B53-9B4B-DD397283D62F}") = "Projeto A", "Assembly-CSharp-vs.csproj", "{60A1971F-2828-2D3F-951F-ECD17348AFEB}"
EndProject
Global
	GlobalSection(SolutionConfigurationPlatforms) = preSolution
		Debug|Any CPU = Debug|Any CPU
		Release|Any CPU = Release|Any CPU
	EndGlobalSection
	GlobalSection(ProjectConfigurationPlatforms) = postSolution
		{4C374AA9-E34D-E0BB-090A-40E88DA17BC0}.Debug|Any CPU.ActiveCfg = Debug|Any CPU
		{4C374AA9-E34D-E0BB-090A-40E88DA17BC0}.Debug|Any CPU.Build.0 = Debug|Any CPU
		{4C374AA9-E34D-E0BB-090A-40E88DA17BC0}.Release|Any CPU.ActiveCfg = Release|Any CPU
		{4C374AA9-E34D-E0BB-090A-40E88DA17BC0}.Release|Any CPU.Build.0 = Release|Any CPU
		{60A1971F-2828-2D3F-951F-ECD17348AFEB}.Debug|Any CPU.ActiveCfg = Debug|Any CPU
		{60A1971F-2828-2D3F-951F-ECD17348AFEB}.Debug|Any CPU.Build.0 = Debug|Any CPU
		{60A1971F-2828-2D3F-951F-ECD17348AFEB}.Release|Any CPU.ActiveCfg = Release|Any CPU
		{60A1971F-2828-2D3F-951F-ECD17348AFEB}.Release|Any CPU.Build.0 = Release|Any CPU
	EndGlobalSection
	GlobalSection(SolutionProperties) = preSolution
		HideSolutionNode = FALSE
	EndGlobalSection
																																																																																																																																																																																	GlobalSection(MonoDevelopProperties) = preSolution
		StartupItem = Assembly-CSharp.csproj
		Policies = $0
		$0.TextStylePolicy = $1
		$1.inheritsSet = null
		$1.scope = text/x-csharp
		$0.CSharpFormattingPolicy = $2
		$2.inheritsSet = Mono
		$2.inheritsScope = text/x-csharp
		$2.scope = text/x-csharp
		$0.TextStylePolicy = $3
		$3.FileWidth = 120
		$3.TabWidth = 4
		$3.EolMarker = Unix
		$3.inheritsSet = Mono
		$3.inheritsScope = text/plain
		$3.scope = text/plain
	EndGlobalSection

EndGlobal
